
Microsoft Visual Studio Solution File, Format Version 12.00
Project("{FAE04EC0-301F-11D3-BF4B-00C04F79EFBC}") = "Prohod.WebApi", "Prohod.WebApi\Prohod.WebApi.csproj", "{3D9F9F91-4B3A-410A-BC8F-6AAD7678A4B4}"
EndProject
Project("{FAE04EC0-301F-11D3-BF4B-00C04F79EFBC}") = "Prohod.Domain", "Prohod.Domain\Prohod.Domain.csproj", "{88BC3E08-8A01-494A-A9F4-B915C2E82EFD}"
EndProject
Project("{FAE04EC0-301F-11D3-BF4B-00C04F79EFBC}") = "Prohod.Infrastructure", "Prohod.Infrastructure\Prohod.Infrastructure.csproj", "{F945C7DC-CEB9-4DD6-9155-DFFEF6EA251A}"
EndProject
Project("{2150E333-8FDC-42A3-9474-1A3956D46DE8}") = "Docker", "Docker", "{7B34CBF8-97F4-463D-A874-7B35AAD577FE}"
	ProjectSection(SolutionItems) = preProject
		Dockerfile = Dockerfile
		.dockerignore = .dockerignore
	EndProjectSection
EndProject
Project("{2150E333-8FDC-42A3-9474-1A3956D46DE8}") = "backend", "backend", "{FB3E430C-5CC2-4659-AB2E-4ACA05FE25DE}"
EndProject
Project("{2150E333-8FDC-42A3-9474-1A3956D46DE8}") = "frontend", "frontend", "{52FE8376-18E2-43AD-A662-6FC813028583}"
EndProject
Global
	GlobalSection(SolutionConfigurationPlatforms) = preSolution
		Debug|Any CPU = Debug|Any CPU
		Release|Any CPU = Release|Any CPU
	EndGlobalSection
	GlobalSection(ProjectConfigurationPlatforms) = postSolution
		{3D9F9F91-4B3A-410A-BC8F-6AAD7678A4B4}.Debug|Any CPU.ActiveCfg = Debug|Any CPU
		{3D9F9F91-4B3A-410A-BC8F-6AAD7678A4B4}.Debug|Any CPU.Build.0 = Debug|Any CPU
		{3D9F9F91-4B3A-410A-BC8F-6AAD7678A4B4}.Release|Any CPU.ActiveCfg = Release|Any CPU
		{3D9F9F91-4B3A-410A-BC8F-6AAD7678A4B4}.Release|Any CPU.Build.0 = Release|Any CPU
		{88BC3E08-8A01-494A-A9F4-B915C2E82EFD}.Debug|Any CPU.ActiveCfg = Debug|Any CPU
		{88BC3E08-8A01-494A-A9F4-B915C2E82EFD}.Debug|Any CPU.Build.0 = Debug|Any CPU
		{88BC3E08-8A01-494A-A9F4-B915C2E82EFD}.Release|Any CPU.ActiveCfg = Release|Any CPU
		{88BC3E08-8A01-494A-A9F4-B915C2E82EFD}.Release|Any CPU.Build.0 = Release|Any CPU
		{F945C7DC-CEB9-4DD6-9155-DFFEF6EA251A}.Debug|Any CPU.ActiveCfg = Debug|Any CPU
		{F945C7DC-CEB9-4DD6-9155-DFFEF6EA251A}.Debug|Any CPU.Build.0 = Debug|Any CPU
		{F945C7DC-CEB9-4DD6-9155-DFFEF6EA251A}.Release|Any CPU.ActiveCfg = Release|Any CPU
		{F945C7DC-CEB9-4DD6-9155-DFFEF6EA251A}.Release|Any CPU.Build.0 = Release|Any CPU
	EndGlobalSection
	GlobalSection(NestedProjects) = preSolution
		{7B34CBF8-97F4-463D-A874-7B35AAD577FE} = {FB3E430C-5CC2-4659-AB2E-4ACA05FE25DE}
		{88BC3E08-8A01-494A-A9F4-B915C2E82EFD} = {FB3E430C-5CC2-4659-AB2E-4ACA05FE25DE}
		{F945C7DC-CEB9-4DD6-9155-DFFEF6EA251A} = {FB3E430C-5CC2-4659-AB2E-4ACA05FE25DE}
		{3D9F9F91-4B3A-410A-BC8F-6AAD7678A4B4} = {FB3E430C-5CC2-4659-AB2E-4ACA05FE25DE}
	EndGlobalSection
EndGlobal
